// !$*UTF8*$!
{
	archiveVersion = 1;
	classes = {
	};
	objectVersion = 46;
	objects = {

/* Begin PBXBuildFile section */
		44429A7F14FE65E1004311F3 /* AiromoQueuedClient.m in Sources */ = {isa = PBXBuildFile; fileRef = 44429A7E14FE65E1004311F3 /* AiromoQueuedClient.m */; };
		44429A8314FE67A8004311F3 /* AMClient2.m in Sources */ = {isa = PBXBuildFile; fileRef = 44429A8214FE67A8004311F3 /* AMClient2.m */; };
		445BFD9314F3C97F001140AC /* UIKit.framework in Frameworks */ = {isa = PBXBuildFile; fileRef = 445BFD9214F3C97F001140AC /* UIKit.framework */; };
		445BFD9514F3C97F001140AC /* Foundation.framework in Frameworks */ = {isa = PBXBuildFile; fileRef = 445BFD9414F3C97F001140AC /* Foundation.framework */; };
		445BFD9B14F3C97F001140AC /* InfoPlist.strings in Resources */ = {isa = PBXBuildFile; fileRef = 445BFD9914F3C97F001140AC /* InfoPlist.strings */; };
		445BFD9D14F3C97F001140AC /* main.m in Sources */ = {isa = PBXBuildFile; fileRef = 445BFD9C14F3C97F001140AC /* main.m */; };
		445BFDA114F3C97F001140AC /* AppDelegate.m in Sources */ = {isa = PBXBuildFile; fileRef = 445BFDA014F3C97F001140AC /* AppDelegate.m */; };
		445BFDA414F3C97F001140AC /* ViewController.m in Sources */ = {isa = PBXBuildFile; fileRef = 445BFDA314F3C97F001140AC /* ViewController.m */; };
		445BFDA714F3C97F001140AC /* ViewController_iPhone.xib in Resources */ = {isa = PBXBuildFile; fileRef = 445BFDA514F3C97F001140AC /* ViewController_iPhone.xib */; };
		445BFDAA14F3C97F001140AC /* ViewController_iPad.xib in Resources */ = {isa = PBXBuildFile; fileRef = 445BFDA814F3C97F001140AC /* ViewController_iPad.xib */; };
		445BFDB314F3CD0A001140AC /* AiromoRequestManager.m in Sources */ = {isa = PBXBuildFile; fileRef = 445BFDB214F3CD0A001140AC /* AiromoRequestManager.m */; };
		445BFDB914F3CF39001140AC /* ActivityIndicator.m in Sources */ = {isa = PBXBuildFile; fileRef = 445BFDB814F3CF39001140AC /* ActivityIndicator.m */; };
		44BF48FC14F7B3EE00A51F5D /* AMClient.m in Sources */ = {isa = PBXBuildFile; fileRef = 44BF48FB14F7B3EE00A51F5D /* AMClient.m */; };
		44BF491C14FA788900A51F5D /* AppCurlClient.m in Sources */ = {isa = PBXBuildFile; fileRef = 44BF491B14FA788800A51F5D /* AppCurlClient.m */; };
		44FB89F714F3D409001334B8 /* CoreGraphics.framework in Frameworks */ = {isa = PBXBuildFile; fileRef = 44FB89F614F3D409001334B8 /* CoreGraphics.framework */; };
		44FB8A1A14F3E5C0001334B8 /* NSObject+SBJSON.m in Sources */ = {isa = PBXBuildFile; fileRef = 44FB8A0F14F3E5C0001334B8 /* NSObject+SBJSON.m */; };
		44FB8A1B14F3E5C0001334B8 /* NSString+SBJSON.m in Sources */ = {isa = PBXBuildFile; fileRef = 44FB8A1114F3E5C0001334B8 /* NSString+SBJSON.m */; };
		44FB8A1C14F3E5C0001334B8 /* SBJSON.m in Sources */ = {isa = PBXBuildFile; fileRef = 44FB8A1314F3E5C0001334B8 /* SBJSON.m */; };
		44FB8A1D14F3E5C0001334B8 /* SBJsonBase.m in Sources */ = {isa = PBXBuildFile; fileRef = 44FB8A1514F3E5C0001334B8 /* SBJsonBase.m */; };
		44FB8A1E14F3E5C0001334B8 /* SBJsonParser.m in Sources */ = {isa = PBXBuildFile; fileRef = 44FB8A1714F3E5C0001334B8 /* SBJsonParser.m */; };
		44FB8A1F14F3E5C0001334B8 /* SBJsonWriter.m in Sources */ = {isa = PBXBuildFile; fileRef = 44FB8A1914F3E5C0001334B8 /* SBJsonWriter.m */; };
		44FB8A2214F3EB40001334B8 /* NSString+Extensions.m in Sources */ = {isa = PBXBuildFile; fileRef = 44FB8A2114F3EB40001334B8 /* NSString+Extensions.m */; };
/* End PBXBuildFile section */

/* Begin PBXFileReference section */
		44429A7D14FE65E1004311F3 /* AiromoQueuedClient.h */ = {isa = PBXFileReference; fileEncoding = 4; path = AiromoQueuedClient.h; sourceTree = "<group>"; };
		44429A7E14FE65E1004311F3 /* AiromoQueuedClient.m */ = {isa = PBXFileReference; fileEncoding = 4; lastKnownFileType = sourcecode.c.objc; path = AiromoQueuedClient.m; sourceTree = "<group>"; };
		44429A8114FE67A8004311F3 /* AMClient2.h */ = {isa = PBXFileReference; fileEncoding = 4; lastKnownFileType = sourcecode.c.h; path = AMClient2.h; sourceTree = "<group>"; };
		44429A8214FE67A8004311F3 /* AMClient2.m */ = {isa = PBXFileReference; fileEncoding = 4; lastKnownFileType = sourcecode.c.objc; path = AMClient2.m; sourceTree = "<group>"; };
		445BFD8E14F3C97F001140AC /* NetworkManagerDemo.app */ = {isa = PBXFileReference; explicitFileType = wrapper.application; includeInIndex = 0; path = NetworkManagerDemo.app; sourceTree = BUILT_PRODUCTS_DIR; };
		445BFD9214F3C97F001140AC /* UIKit.framework */ = {isa = PBXFileReference; lastKnownFileType = wrapper.framework; name = UIKit.framework; path = System/Library/Frameworks/UIKit.framework; sourceTree = SDKROOT; };
		445BFD9414F3C97F001140AC /* Foundation.framework */ = {isa = PBXFileReference; lastKnownFileType = wrapper.framework; name = Foundation.framework; path = System/Library/Frameworks/Foundation.framework; sourceTree = SDKROOT; };
		445BFD9814F3C97F001140AC /* NetworkManagerDemo-Info.plist */ = {isa = PBXFileReference; lastKnownFileType = text.plist.xml; path = "NetworkManagerDemo-Info.plist"; sourceTree = "<group>"; };
		445BFD9A14F3C97F001140AC /* en */ = {isa = PBXFileReference; lastKnownFileType = text.plist.strings; name = en; path = en.lproj/InfoPlist.strings; sourceTree = "<group>"; };
		445BFD9C14F3C97F001140AC /* main.m */ = {isa = PBXFileReference; lastKnownFileType = sourcecode.c.objc; path = main.m; sourceTree = "<group>"; };
		445BFD9E14F3C97F001140AC /* NetworkManagerDemo-Prefix.pch */ = {isa = PBXFileReference; lastKnownFileType = sourcecode.c.h; path = "NetworkManagerDemo-Prefix.pch"; sourceTree = "<group>"; };
		445BFD9F14F3C97F001140AC /* AppDelegate.h */ = {isa = PBXFileReference; lastKnownFileType = sourcecode.c.h; path = AppDelegate.h; sourceTree = "<group>"; };
		445BFDA014F3C97F001140AC /* AppDelegate.m */ = {isa = PBXFileReference; lastKnownFileType = sourcecode.c.objc; path = AppDelegate.m; sourceTree = "<group>"; };
		445BFDA214F3C97F001140AC /* ViewController.h */ = {isa = PBXFileReference; lastKnownFileType = sourcecode.c.h; path = ViewController.h; sourceTree = "<group>"; };
		445BFDA314F3C97F001140AC /* ViewController.m */ = {isa = PBXFileReference; lastKnownFileType = sourcecode.c.objc; path = ViewController.m; sourceTree = "<group>"; };
		445BFDA614F3C97F001140AC /* en */ = {isa = PBXFileReference; lastKnownFileType = file.xib; name = en; path = en.lproj/ViewController_iPhone.xib; sourceTree = "<group>"; };
		445BFDA914F3C97F001140AC /* en */ = {isa = PBXFileReference; lastKnownFileType = file.xib; name = en; path = en.lproj/ViewController_iPad.xib; sourceTree = "<group>"; };
		445BFDB014F3CD0A001140AC /* AiromoRequestDelegate.h */ = {isa = PBXFileReference; fileEncoding = 4; lastKnownFileType = sourcecode.c.h; path = AiromoRequestDelegate.h; sourceTree = "<group>"; };
		445BFDB114F3CD0A001140AC /* AiromoRequestManager.h */ = {isa = PBXFileReference; fileEncoding = 4; lastKnownFileType = sourcecode.c.h; path = AiromoRequestManager.h; sourceTree = "<group>"; };
		445BFDB214F3CD0A001140AC /* AiromoRequestManager.m */ = {isa = PBXFileReference; fileEncoding = 4; lastKnownFileType = sourcecode.c.objc; path = AiromoRequestManager.m; sourceTree = "<group>"; };
		445BFDB414F3CD53001140AC /* Global.h */ = {isa = PBXFileReference; fileEncoding = 4; lastKnownFileType = sourcecode.c.h; path = Global.h; sourceTree = "<group>"; };
		445BFDB714F3CF39001140AC /* ActivityIndicator.h */ = {isa = PBXFileReference; fileEncoding = 4; lastKnownFileType = sourcecode.c.h; path = ActivityIndicator.h; sourceTree = "<group>"; };
		445BFDB814F3CF39001140AC /* ActivityIndicator.m */ = {isa = PBXFileReference; fileEncoding = 4; lastKnownFileType = sourcecode.c.objc; path = ActivityIndicator.m; sourceTree = "<group>"; };
		44BF48FA14F7B3EE00A51F5D /* AMClient.h */ = {isa = PBXFileReference; fileEncoding = 4; lastKnownFileType = sourcecode.c.h; path = AMClient.h; sourceTree = "<group>"; };
		44BF48FB14F7B3EE00A51F5D /* AMClient.m */ = {isa = PBXFileReference; fileEncoding = 4; lastKnownFileType = sourcecode.c.objc; path = AMClient.m; sourceTree = "<group>"; };
		44BF491914F98A9800A51F5D /* AMDataReceiverDelegate.h */ = {isa = PBXFileReference; fileEncoding = 4; lastKnownFileType = sourcecode.c.h; path = AMDataReceiverDelegate.h; sourceTree = "<group>"; };
		44BF491A14FA788800A51F5D /* AppCurlClient.h */ = {isa = PBXFileReference; fileEncoding = 4; lastKnownFileType = sourcecode.c.h; path = AppCurlClient.h; sourceTree = "<group>"; };
		44BF491B14FA788800A51F5D /* AppCurlClient.m */ = {isa = PBXFileReference; fileEncoding = 4; lastKnownFileType = sourcecode.c.objc; path = AppCurlClient.m; sourceTree = "<group>"; };
		44FB89F614F3D409001334B8 /* CoreGraphics.framework */ = {isa = PBXFileReference; lastKnownFileType = wrapper.framework; name = CoreGraphics.framework; path = System/Library/Frameworks/CoreGraphics.framework; sourceTree = SDKROOT; };
		44FB8A0D14F3E5C0001334B8 /* JSON.h */ = {isa = PBXFileReference; fileEncoding = 4; lastKnownFileType = sourcecode.c.h; path = JSON.h; sourceTree = "<group>"; };
		44FB8A0E14F3E5C0001334B8 /* NSObject+SBJSON.h */ = {isa = PBXFileReference; fileEncoding = 4; lastKnownFileType = sourcecode.c.h; path = "NSObject+SBJSON.h"; sourceTree = "<group>"; };
		44FB8A0F14F3E5C0001334B8 /* NSObject+SBJSON.m */ = {isa = PBXFileReference; fileEncoding = 4; lastKnownFileType = sourcecode.c.objc; path = "NSObject+SBJSON.m"; sourceTree = "<group>"; };
		44FB8A1014F3E5C0001334B8 /* NSString+SBJSON.h */ = {isa = PBXFileReference; fileEncoding = 4; lastKnownFileType = sourcecode.c.h; path = "NSString+SBJSON.h"; sourceTree = "<group>"; };
		44FB8A1114F3E5C0001334B8 /* NSString+SBJSON.m */ = {isa = PBXFileReference; fileEncoding = 4; lastKnownFileType = sourcecode.c.objc; path = "NSString+SBJSON.m"; sourceTree = "<group>"; };
		44FB8A1214F3E5C0001334B8 /* SBJSON.h */ = {isa = PBXFileReference; fileEncoding = 4; lastKnownFileType = sourcecode.c.h; path = SBJSON.h; sourceTree = "<group>"; };
		44FB8A1314F3E5C0001334B8 /* SBJSON.m */ = {isa = PBXFileReference; fileEncoding = 4; lastKnownFileType = sourcecode.c.objc; path = SBJSON.m; sourceTree = "<group>"; };
		44FB8A1414F3E5C0001334B8 /* SBJsonBase.h */ = {isa = PBXFileReference; fileEncoding = 4; lastKnownFileType = sourcecode.c.h; path = SBJsonBase.h; sourceTree = "<group>"; };
		44FB8A1514F3E5C0001334B8 /* SBJsonBase.m */ = {isa = PBXFileReference; fileEncoding = 4; lastKnownFileType = sourcecode.c.objc; path = SBJsonBase.m; sourceTree = "<group>"; };
		44FB8A1614F3E5C0001334B8 /* SBJsonParser.h */ = {isa = PBXFileReference; fileEncoding = 4; lastKnownFileType = sourcecode.c.h; path = SBJsonParser.h; sourceTree = "<group>"; };
		44FB8A1714F3E5C0001334B8 /* SBJsonParser.m */ = {isa = PBXFileReference; fileEncoding = 4; lastKnownFileType = sourcecode.c.objc; path = SBJsonParser.m; sourceTree = "<group>"; };
		44FB8A1814F3E5C0001334B8 /* SBJsonWriter.h */ = {isa = PBXFileReference; fileEncoding = 4; lastKnownFileType = sourcecode.c.h; path = SBJsonWriter.h; sourceTree = "<group>"; };
		44FB8A1914F3E5C0001334B8 /* SBJsonWriter.m */ = {isa = PBXFileReference; fileEncoding = 4; lastKnownFileType = sourcecode.c.objc; path = SBJsonWriter.m; sourceTree = "<group>"; };
		44FB8A2014F3EB40001334B8 /* NSString+Extensions.h */ = {isa = PBXFileReference; fileEncoding = 4; lastKnownFileType = sourcecode.c.h; path = "NSString+Extensions.h"; sourceTree = "<group>"; };
		44FB8A2114F3EB40001334B8 /* NSString+Extensions.m */ = {isa = PBXFileReference; fileEncoding = 4; lastKnownFileType = sourcecode.c.objc; path = "NSString+Extensions.m"; sourceTree = "<group>"; };
/* End PBXFileReference section */

/* Begin PBXFrameworksBuildPhase section */
		445BFD8B14F3C97F001140AC /* Frameworks */ = {
			isa = PBXFrameworksBuildPhase;
			buildActionMask = 2147483647;
			files = (
				44FB89F714F3D409001334B8 /* CoreGraphics.framework in Frameworks */,
				445BFD9314F3C97F001140AC /* UIKit.framework in Frameworks */,
				445BFD9514F3C97F001140AC /* Foundation.framework in Frameworks */,
			);
			runOnlyForDeploymentPostprocessing = 0;
		};
/* End PBXFrameworksBuildPhase section */

/* Begin PBXGroup section */
		445BFD8314F3C97F001140AC = {
			isa = PBXGroup;
			children = (
				44FB89F614F3D409001334B8 /* CoreGraphics.framework */,
				445BFD9614F3C97F001140AC /* NetworkManagerDemo */,
				445BFD9114F3C97F001140AC /* Frameworks */,
				445BFD8F14F3C97F001140AC /* Products */,
			);
			sourceTree = "<group>";
		};
		445BFD8F14F3C97F001140AC /* Products */ = {
			isa = PBXGroup;
			children = (
				445BFD8E14F3C97F001140AC /* NetworkManagerDemo.app */,
			);
			name = Products;
			sourceTree = "<group>";
		};
		445BFD9114F3C97F001140AC /* Frameworks */ = {
			isa = PBXGroup;
			children = (
				445BFD9214F3C97F001140AC /* UIKit.framework */,
				445BFD9414F3C97F001140AC /* Foundation.framework */,
			);
			name = Frameworks;
			sourceTree = "<group>";
		};
		445BFD9614F3C97F001140AC /* NetworkManagerDemo */ = {
			isa = PBXGroup;
			children = (
				44FB89F914F3E573001334B8 /* JSON */,
				44FB8A2014F3EB40001334B8 /* NSString+Extensions.h */,
				44FB8A2114F3EB40001334B8 /* NSString+Extensions.m */,
				445BFDB714F3CF39001140AC /* ActivityIndicator.h */,
				445BFDB814F3CF39001140AC /* ActivityIndicator.m */,
				445BFDB414F3CD53001140AC /* Global.h */,
				44BF48FA14F7B3EE00A51F5D /* AMClient.h */,
				44BF48FB14F7B3EE00A51F5D /* AMClient.m */,
				44BF491A14FA788800A51F5D /* AppCurlClient.h */,
				44BF491B14FA788800A51F5D /* AppCurlClient.m */,
				44429A7D14FE65E1004311F3 /* AiromoQueuedClient.h */,
				44429A7E14FE65E1004311F3 /* AiromoQueuedClient.m */,
				44429A8114FE67A8004311F3 /* AMClient2.h */,
				44429A8214FE67A8004311F3 /* AMClient2.m */,
				445BFDB114F3CD0A001140AC /* AiromoRequestManager.h */,
				445BFDB214F3CD0A001140AC /* AiromoRequestManager.m */,
				44BF491914F98A9800A51F5D /* AMDataReceiverDelegate.h */,
				445BFDB014F3CD0A001140AC /* AiromoRequestDelegate.h */,
				445BFD9F14F3C97F001140AC /* AppDelegate.h */,
				445BFDA014F3C97F001140AC /* AppDelegate.m */,
				445BFDA214F3C97F001140AC /* ViewController.h */,
				445BFDA314F3C97F001140AC /* ViewController.m */,
				445BFDA514F3C97F001140AC /* ViewController_iPhone.xib */,
				445BFDA814F3C97F001140AC /* ViewController_iPad.xib */,
				445BFD9714F3C97F001140AC /* Supporting Files */,
			);
			path = NetworkManagerDemo;
			sourceTree = "<group>";
		};
		445BFD9714F3C97F001140AC /* Supporting Files */ = {
			isa = PBXGroup;
			children = (
				445BFD9814F3C97F001140AC /* NetworkManagerDemo-Info.plist */,
				445BFD9914F3C97F001140AC /* InfoPlist.strings */,
				445BFD9C14F3C97F001140AC /* main.m */,
				445BFD9E14F3C97F001140AC /* NetworkManagerDemo-Prefix.pch */,
			);
			name = "Supporting Files";
			sourceTree = "<group>";
		};
		44FB89F914F3E573001334B8 /* JSON */ = {
			isa = PBXGroup;
			children = (
				44FB8A0D14F3E5C0001334B8 /* JSON.h */,
				44FB8A0E14F3E5C0001334B8 /* NSObject+SBJSON.h */,
				44FB8A0F14F3E5C0001334B8 /* NSObject+SBJSON.m */,
				44FB8A1014F3E5C0001334B8 /* NSString+SBJSON.h */,
				44FB8A1114F3E5C0001334B8 /* NSString+SBJSON.m */,
				44FB8A1214F3E5C0001334B8 /* SBJSON.h */,
				44FB8A1314F3E5C0001334B8 /* SBJSON.m */,
				44FB8A1414F3E5C0001334B8 /* SBJsonBase.h */,
				44FB8A1514F3E5C0001334B8 /* SBJsonBase.m */,
				44FB8A1614F3E5C0001334B8 /* SBJsonParser.h */,
				44FB8A1714F3E5C0001334B8 /* SBJsonParser.m */,
				44FB8A1814F3E5C0001334B8 /* SBJsonWriter.h */,
				44FB8A1914F3E5C0001334B8 /* SBJsonWriter.m */,
			);
			name = JSON;
			sourceTree = "<group>";
		};
/* End PBXGroup section */

/* Begin PBXNativeTarget section */
		445BFD8D14F3C97F001140AC /* NetworkManagerDemo */ = {
			isa = PBXNativeTarget;
			buildConfigurationList = 445BFDAD14F3C97F001140AC /* Build configuration list for PBXNativeTarget "NetworkManagerDemo" */;
			buildPhases = (
				445BFD8A14F3C97F001140AC /* Sources */,
				445BFD8B14F3C97F001140AC /* Frameworks */,
				445BFD8C14F3C97F001140AC /* Resources */,
			);
			buildRules = (
			);
			dependencies = (
			);
			name = NetworkManagerDemo;
			productName = NetworkManagerDemo;
			productReference = 445BFD8E14F3C97F001140AC /* NetworkManagerDemo.app */;
			productType = "com.apple.product-type.application";
		};
/* End PBXNativeTarget section */

/* Begin PBXProject section */
		445BFD8514F3C97F001140AC /* Project object */ = {
			isa = PBXProject;
			attributes = {
				LastUpgradeCheck = 0420;
				ORGANIZATIONNAME = pankratov.net.ua;
			};
			buildConfigurationList = 445BFD8814F3C97F001140AC /* Build configuration list for PBXProject "NetworkManagerDemo" */;
			compatibilityVersion = "Xcode 3.2";
			developmentRegion = English;
			hasScannedForEncodings = 0;
			knownRegions = (
				en,
			);
			mainGroup = 445BFD8314F3C97F001140AC;
			productRefGroup = 445BFD8F14F3C97F001140AC /* Products */;
			projectDirPath = "";
			projectRoot = "";
			targets = (
				445BFD8D14F3C97F001140AC /* NetworkManagerDemo */,
			);
		};
/* End PBXProject section */

/* Begin PBXResourcesBuildPhase section */
		445BFD8C14F3C97F001140AC /* Resources */ = {
			isa = PBXResourcesBuildPhase;
			buildActionMask = 2147483647;
			files = (
				445BFD9B14F3C97F001140AC /* InfoPlist.strings in Resources */,
				445BFDA714F3C97F001140AC /* ViewController_iPhone.xib in Resources */,
				445BFDAA14F3C97F001140AC /* ViewController_iPad.xib in Resources */,
			);
			runOnlyForDeploymentPostprocessing = 0;
		};
/* End PBXResourcesBuildPhase section */

/* Begin PBXSourcesBuildPhase section */
		445BFD8A14F3C97F001140AC /* Sources */ = {
			isa = PBXSourcesBuildPhase;
			buildActionMask = 2147483647;
			files = (
				445BFD9D14F3C97F001140AC /* main.m in Sources */,
				445BFDA114F3C97F001140AC /* AppDelegate.m in Sources */,
				445BFDA414F3C97F001140AC /* ViewController.m in Sources */,
				445BFDB314F3CD0A001140AC /* AiromoRequestManager.m in Sources */,
				445BFDB914F3CF39001140AC /* ActivityIndicator.m in Sources */,
				44FB8A1A14F3E5C0001334B8 /* NSObject+SBJSON.m in Sources */,
				44FB8A1B14F3E5C0001334B8 /* NSString+SBJSON.m in Sources */,
				44FB8A1C14F3E5C0001334B8 /* SBJSON.m in Sources */,
				44FB8A1D14F3E5C0001334B8 /* SBJsonBase.m in Sources */,
				44FB8A1E14F3E5C0001334B8 /* SBJsonParser.m in Sources */,
				44FB8A1F14F3E5C0001334B8 /* SBJsonWriter.m in Sources */,
				44FB8A2214F3EB40001334B8 /* NSString+Extensions.m in Sources */,
				44BF48FC14F7B3EE00A51F5D /* AMClient.m in Sources */,
				44BF491C14FA788900A51F5D /* AppCurlClient.m in Sources */,
				44429A7F14FE65E1004311F3 /* AiromoQueuedClient.m in Sources */,
				44429A8314FE67A8004311F3 /* AMClient2.m in Sources */,
			);
			runOnlyForDeploymentPostprocessing = 0;
		};
/* End PBXSourcesBuildPhase section */

/* Begin PBXVariantGroup section */
		445BFD9914F3C97F001140AC /* InfoPlist.strings */ = {
			isa = PBXVariantGroup;
			children = (
				445BFD9A14F3C97F001140AC /* en */,
			);
			name = InfoPlist.strings;
			sourceTree = "<group>";
		};
		445BFDA514F3C97F001140AC /* ViewController_iPhone.xib */ = {
			isa = PBXVariantGroup;
			children = (
				445BFDA614F3C97F001140AC /* en */,
			);
			name = ViewController_iPhone.xib;
			sourceTree = "<group>";
		};
		445BFDA814F3C97F001140AC /* ViewController_iPad.xib */ = {
			isa = PBXVariantGroup;
			children = (
				445BFDA914F3C97F001140AC /* en */,
			);
			name = ViewController_iPad.xib;
			sourceTree = "<group>";
		};
/* End PBXVariantGroup section */

/* Begin XCBuildConfiguration section */
		445BFDAB14F3C97F001140AC /* Debug */ = {
			isa = XCBuildConfiguration;
			buildSettings = {
				ALWAYS_SEARCH_USER_PATHS = NO;
				ARCHS = "$(ARCHS_STANDARD_32_BIT)";
				"CODE_SIGN_IDENTITY[sdk=iphoneos*]" = "iPhone Developer";
				COPY_PHASE_STRIP = NO;
				GCC_C_LANGUAGE_STANDARD = gnu99;
				GCC_DYNAMIC_NO_PIC = NO;
				GCC_OPTIMIZATION_LEVEL = 0;
				GCC_PREPROCESSOR_DEFINITIONS = (
					"DEBUG=1",
					"$(inherited)",
				);
				GCC_SYMBOLS_PRIVATE_EXTERN = NO;
				GCC_VERSION = com.apple.compilers.llvm.clang.1_0;
				GCC_WARN_ABOUT_MISSING_PROTOTYPES = YES;
				GCC_WARN_ABOUT_RETURN_TYPE = YES;
				GCC_WARN_UNUSED_VARIABLE = YES;
				IPHONEOS_DEPLOYMENT_TARGET = 5.0;
				SDKROOT = iphoneos;
				TARGETED_DEVICE_FAMILY = "1,2";
			};
			name = Debug;
		};
		445BFDAC14F3C97F001140AC /* Release */ = {
			isa = XCBuildConfiguration;
			buildSettings = {
				ALWAYS_SEARCH_USER_PATHS = NO;
				ARCHS = "$(ARCHS_STANDARD_32_BIT)";
				"CODE_SIGN_IDENTITY[sdk=iphoneos*]" = "iPhone Developer";
				COPY_PHASE_STRIP = YES;
				GCC_C_LANGUAGE_STANDARD = gnu99;
				GCC_VERSION = com.apple.compilers.llvm.clang.1_0;
				GCC_WARN_ABOUT_MISSING_PROTOTYPES = YES;
				GCC_WARN_ABOUT_RETURN_TYPE = YES;
				GCC_WARN_UNUSED_VARIABLE = YES;
				IPHONEOS_DEPLOYMENT_TARGET = 5.0;
				OTHER_CFLAGS = "-DNS_BLOCK_ASSERTIONS=1";
				SDKROOT = iphoneos;
				TARGETED_DEVICE_FAMILY = "1,2";
				VALIDATE_PRODUCT = YES;
			};
			name = Release;
		};
		445BFDAE14F3C97F001140AC /* Debug */ = {
			isa = XCBuildConfiguration;
			buildSettings = {
				GCC_PRECOMPILE_PREFIX_HEADER = YES;
				GCC_PREFIX_HEADER = "NetworkManagerDemo/NetworkManagerDemo-Prefix.pch";
				INFOPLIST_FILE = "NetworkManagerDemo/NetworkManagerDemo-Info.plist";
				PRODUCT_NAME = "$(TARGET_NAME)";
				WRAPPER_EXTENSION = app;
			};
			name = Debug;
		};
		445BFDAF14F3C97F001140AC /* Release */ = {
			isa = XCBuildConfiguration;
			buildSettings = {
				GCC_PRECOMPILE_PREFIX_HEADER = YES;
				GCC_PREFIX_HEADER = "NetworkManagerDemo/NetworkManagerDemo-Prefix.pch";
				INFOPLIST_FILE = "NetworkManagerDemo/NetworkManagerDemo-Info.plist";
				PRODUCT_NAME = "$(TARGET_NAME)";
				WRAPPER_EXTENSION = app;
			};
			name = Release;
		};
/* End XCBuildConfiguration section */

/* Begin XCConfigurationList section */
		445BFD8814F3C97F001140AC /* Build configuration list for PBXProject "NetworkManagerDemo" */ = {
			isa = XCConfigurationList;
			buildConfigurations = (
				445BFDAB14F3C97F001140AC /* Debug */,
				445BFDAC14F3C97F001140AC /* Release */,
			);
			defaultConfigurationIsVisible = 0;
			defaultConfigurationName = Release;
		};
		445BFDAD14F3C97F001140AC /* Build configuration list for PBXNativeTarget "NetworkManagerDemo" */ = {
			isa = XCConfigurationList;
			buildConfigurations = (
				445BFDAE14F3C97F001140AC /* Debug */,
				445BFDAF14F3C97F001140AC /* Release */,
			);
			defaultConfigurationIsVisible = 0;
			defaultConfigurationName = Release;
		};
/* End XCConfigurationList section */
	};
	rootObject = 445BFD8514F3C97F001140AC /* Project object */;
}
